
Microsoft Visual Studio Solution File, Format Version 12.00
# Visual Studio Version 17
VisualStudioVersion = 17.11.35222.181
MinimumVisualStudioVersion = 10.0.40219.1
Project("{FAE04EC0-301F-11D3-BF4B-00C04F79EFBC}") = "Student_api", "Student_api\Student_api.csproj", "{0DD1E262-B2A7-4C49-8F4B-070AE696EDD2}"
EndProject
Global
	GlobalSection(SolutionConfigurationPlatforms) = preSolution
		Debug|Any CPU = Debug|Any CPU
		Release|Any CPU = Release|Any CPU
	EndGlobalSection
	GlobalSection(ProjectConfigurationPlatforms) = postSolution
		{0DD1E262-B2A7-4C49-8F4B-070AE696EDD2}.Debug|Any CPU.ActiveCfg = Debug|Any CPU
		{0DD1E262-B2A7-4C49-8F4B-070AE696EDD2}.Debug|Any CPU.Build.0 = Debug|Any CPU
		{0DD1E262-B2A7-4C49-8F4B-070AE696EDD2}.Release|Any CPU.ActiveCfg = Release|Any CPU
		{0DD1E262-B2A7-4C49-8F4B-070AE696EDD2}.Release|Any CPU.Build.0 = Release|Any CPU
	EndGlobalSection
	GlobalSection(SolutionProperties) = preSolution
		HideSolutionNode = FALSE
	EndGlobalSection
	GlobalSection(ExtensibilityGlobals) = postSolution
		SolutionGuid = {13D5DFE3-677F-4A62-A27A-EB802DEA95C0}
	EndGlobalSection
EndGlobal
